
Microsoft Visual Studio Solution File, Format Version 12.00
# Visual Studio Version 16
VisualStudioVersion = 16.0.29509.3
MinimumVisualStudioVersion = 10.0.40219.1
Project("{FAE04EC0-301F-11D3-BF4B-00C04F79EFBC}") = "SmartEdu.API", "SmartEdu\SmartEdu.API.csproj", "{396D8F55-792E-4D50-94B4-2887C5B6292F}"
EndProject
Project("{FAE04EC0-301F-11D3-BF4B-00C04F79EFBC}") = "SmartEdu.Models", "SmartEdu.Models\SmartEdu.Models.csproj", "{61F02B70-E9E6-49F6-8ABE-DCD57663D6EF}"
EndProject
Project("{FAE04EC0-301F-11D3-BF4B-00C04F79EFBC}") = "SmartEdu.DataManager", "SmartEdu.DataManager\SmartEdu.DataManager.csproj", "{12479FB7-6DD6-41AE-9F12-4FFFDE2ECF3A}"
EndProject
Global
	GlobalSection(SolutionConfigurationPlatforms) = preSolution
		Debug|Any CPU = Debug|Any CPU
		Release|Any CPU = Release|Any CPU
	EndGlobalSection
	GlobalSection(ProjectConfigurationPlatforms) = postSolution
		{396D8F55-792E-4D50-94B4-2887C5B6292F}.Debug|Any CPU.ActiveCfg = Debug|Any CPU
		{396D8F55-792E-4D50-94B4-2887C5B6292F}.Debug|Any CPU.Build.0 = Debug|Any CPU
		{396D8F55-792E-4D50-94B4-2887C5B6292F}.Release|Any CPU.ActiveCfg = Release|Any CPU
		{396D8F55-792E-4D50-94B4-2887C5B6292F}.Release|Any CPU.Build.0 = Release|Any CPU
		{61F02B70-E9E6-49F6-8ABE-DCD57663D6EF}.Debug|Any CPU.ActiveCfg = Debug|Any CPU
		{61F02B70-E9E6-49F6-8ABE-DCD57663D6EF}.Debug|Any CPU.Build.0 = Debug|Any CPU
		{61F02B70-E9E6-49F6-8ABE-DCD57663D6EF}.Release|Any CPU.ActiveCfg = Release|Any CPU
		{61F02B70-E9E6-49F6-8ABE-DCD57663D6EF}.Release|Any CPU.Build.0 = Release|Any CPU
		{12479FB7-6DD6-41AE-9F12-4FFFDE2ECF3A}.Debug|Any CPU.ActiveCfg = Debug|Any CPU
		{12479FB7-6DD6-41AE-9F12-4FFFDE2ECF3A}.Debug|Any CPU.Build.0 = Debug|Any CPU
		{12479FB7-6DD6-41AE-9F12-4FFFDE2ECF3A}.Release|Any CPU.ActiveCfg = Release|Any CPU
		{12479FB7-6DD6-41AE-9F12-4FFFDE2ECF3A}.Release|Any CPU.Build.0 = Release|Any CPU
	EndGlobalSection
	GlobalSection(SolutionProperties) = preSolution
		HideSolutionNode = FALSE
	EndGlobalSection
	GlobalSection(ExtensibilityGlobals) = postSolution
		SolutionGuid = {8141DBD0-D775-4B3E-BEA2-27CE15216785}
	EndGlobalSection
EndGlobal
